// !$*UTF8*$!
{
	archiveVersion = 1;
	classes = {
	};
	objectVersion = 56;
	objects = {

/* Begin PBXBuildFile section */
		B8013C4C2C0847F0005B07A7 /* AppDelegate.swift in Sources */ = {isa = PBXBuildFile; fileRef = B8013C4B2C0847F0005B07A7 /* AppDelegate.swift */; };
		B8013C4E2C0847F0005B07A7 /* SceneDelegate.swift in Sources */ = {isa = PBXBuildFile; fileRef = B8013C4D2C0847F0005B07A7 /* SceneDelegate.swift */; };
		B8013C552C0847F2005B07A7 /* Assets.xcassets in Resources */ = {isa = PBXBuildFile; fileRef = B8013C542C0847F2005B07A7 /* Assets.xcassets */; };
		B8013C582C0847F2005B07A7 /* Base in Resources */ = {isa = PBXBuildFile; fileRef = B8013C572C0847F2005B07A7 /* Base */; };
		B8013C602C084BD7005B07A7 /* LoginVC.swift in Sources */ = {isa = PBXBuildFile; fileRef = B8013C5F2C084BD7005B07A7 /* LoginVC.swift */; };
		B8013C622C084BE3005B07A7 /* RegisterVC.swift in Sources */ = {isa = PBXBuildFile; fileRef = B8013C612C084BE3005B07A7 /* RegisterVC.swift */; };
		B8013C642C084BF2005B07A7 /* HomeVC.swift in Sources */ = {isa = PBXBuildFile; fileRef = B8013C632C084BF2005B07A7 /* HomeVC.swift */; };
		B8013C662C085211005B07A7 /* TabbarVC.swift in Sources */ = {isa = PBXBuildFile; fileRef = B8013C652C085211005B07A7 /* TabbarVC.swift */; };
		B8013C682C0852DA005B07A7 /* SearchVC.swift in Sources */ = {isa = PBXBuildFile; fileRef = B8013C672C0852DA005B07A7 /* SearchVC.swift */; };
		B8013C6A2C0852E8005B07A7 /* ProfileVC.swift in Sources */ = {isa = PBXBuildFile; fileRef = B8013C692C0852E8005B07A7 /* ProfileVC.swift */; };
		B8013C6C2C0852FF005B07A7 /* BasketVC.swift in Sources */ = {isa = PBXBuildFile; fileRef = B8013C6B2C0852FF005B07A7 /* BasketVC.swift */; };
/* End PBXBuildFile section */

/* Begin PBXFileReference section */
		B8013C482C0847F0005B07A7 /* NewsApp.app */ = {isa = PBXFileReference; explicitFileType = wrapper.application; includeInIndex = 0; path = NewsApp.app; sourceTree = BUILT_PRODUCTS_DIR; };
		B8013C4B2C0847F0005B07A7 /* AppDelegate.swift */ = {isa = PBXFileReference; lastKnownFileType = sourcecode.swift; path = AppDelegate.swift; sourceTree = "<group>"; };
		B8013C4D2C0847F0005B07A7 /* SceneDelegate.swift */ = {isa = PBXFileReference; lastKnownFileType = sourcecode.swift; path = SceneDelegate.swift; sourceTree = "<group>"; };
		B8013C542C0847F2005B07A7 /* Assets.xcassets */ = {isa = PBXFileReference; lastKnownFileType = folder.assetcatalog; path = Assets.xcassets; sourceTree = "<group>"; };
		B8013C572C0847F2005B07A7 /* Base */ = {isa = PBXFileReference; lastKnownFileType = file.storyboard; name = Base; path = Base.lproj/LaunchScreen.storyboard; sourceTree = "<group>"; };
		B8013C592C0847F2005B07A7 /* Info.plist */ = {isa = PBXFileReference; lastKnownFileType = text.plist.xml; path = Info.plist; sourceTree = "<group>"; };
		B8013C5F2C084BD7005B07A7 /* LoginVC.swift */ = {isa = PBXFileReference; lastKnownFileType = sourcecode.swift; path = LoginVC.swift; sourceTree = "<group>"; };
		B8013C612C084BE3005B07A7 /* RegisterVC.swift */ = {isa = PBXFileReference; lastKnownFileType = sourcecode.swift; path = RegisterVC.swift; sourceTree = "<group>"; };
		B8013C632C084BF2005B07A7 /* HomeVC.swift */ = {isa = PBXFileReference; lastKnownFileType = sourcecode.swift; path = HomeVC.swift; sourceTree = "<group>"; };
		B8013C652C085211005B07A7 /* TabbarVC.swift */ = {isa = PBXFileReference; lastKnownFileType = sourcecode.swift; path = TabbarVC.swift; sourceTree = "<group>"; };
		B8013C672C0852DA005B07A7 /* SearchVC.swift */ = {isa = PBXFileReference; lastKnownFileType = sourcecode.swift; path = SearchVC.swift; sourceTree = "<group>"; };
		B8013C692C0852E8005B07A7 /* ProfileVC.swift */ = {isa = PBXFileReference; lastKnownFileType = sourcecode.swift; path = ProfileVC.swift; sourceTree = "<group>"; };
		B8013C6B2C0852FF005B07A7 /* BasketVC.swift */ = {isa = PBXFileReference; lastKnownFileType = sourcecode.swift; path = BasketVC.swift; sourceTree = "<group>"; };
/* End PBXFileReference section */

/* Begin PBXFrameworksBuildPhase section */
		B8013C452C0847F0005B07A7 /* Frameworks */ = {
			isa = PBXFrameworksBuildPhase;
			buildActionMask = 2147483647;
			files = (
			);
			runOnlyForDeploymentPostprocessing = 0;
		};
/* End PBXFrameworksBuildPhase section */

/* Begin PBXGroup section */
		B8013C3F2C0847F0005B07A7 = {
			isa = PBXGroup;
			children = (
				B8013C4A2C0847F0005B07A7 /* NewsApp */,
				B8013C492C0847F0005B07A7 /* Products */,
			);
			sourceTree = "<group>";
		};
		B8013C492C0847F0005B07A7 /* Products */ = {
			isa = PBXGroup;
			children = (
				B8013C482C0847F0005B07A7 /* NewsApp.app */,
			);
			name = Products;
			sourceTree = "<group>";
		};
		B8013C4A2C0847F0005B07A7 /* NewsApp */ = {
			isa = PBXGroup;
			children = (
				B8013C4B2C0847F0005B07A7 /* AppDelegate.swift */,
				B8013C4D2C0847F0005B07A7 /* SceneDelegate.swift */,
				B8013C722C08542A005B07A7 /* TabbarSections */,
				B8013C6D2C0853CB005B07A7 /* Login&Register */,
				B8013C542C0847F2005B07A7 /* Assets.xcassets */,
				B8013C562C0847F2005B07A7 /* LaunchScreen.storyboard */,
				B8013C592C0847F2005B07A7 /* Info.plist */,
			);
			path = NewsApp;
			sourceTree = "<group>";
		};
		B8013C6D2C0853CB005B07A7 /* Login&Register */ = {
			isa = PBXGroup;
			children = (
				B8013C5F2C084BD7005B07A7 /* LoginVC.swift */,
				B8013C612C084BE3005B07A7 /* RegisterVC.swift */,
			);
			path = "Login&Register";
			sourceTree = "<group>";
		};
		B8013C6E2C0853DF005B07A7 /* Home */ = {
			isa = PBXGroup;
			children = (
				B8013C632C084BF2005B07A7 /* HomeVC.swift */,
			);
			path = Home;
			sourceTree = "<group>";
		};
		B8013C6F2C085401005B07A7 /* Search */ = {
			isa = PBXGroup;
			children = (
				B8013C672C0852DA005B07A7 /* SearchVC.swift */,
			);
			path = Search;
			sourceTree = "<group>";
		};
		B8013C702C08540F005B07A7 /* Basket */ = {
			isa = PBXGroup;
			children = (
				B8013C6B2C0852FF005B07A7 /* BasketVC.swift */,
			);
			path = Basket;
			sourceTree = "<group>";
		};
		B8013C712C08541A005B07A7 /* Profile */ = {
			isa = PBXGroup;
			children = (
				B8013C692C0852E8005B07A7 /* ProfileVC.swift */,
			);
			path = Profile;
			sourceTree = "<group>";
		};
		B8013C722C08542A005B07A7 /* TabbarSections */ = {
			isa = PBXGroup;
			children = (
				B8013C652C085211005B07A7 /* TabbarVC.swift */,
				B8013C6E2C0853DF005B07A7 /* Home */,
				B8013C6F2C085401005B07A7 /* Search */,
				B8013C702C08540F005B07A7 /* Basket */,
				B8013C712C08541A005B07A7 /* Profile */,
			);
			path = TabbarSections;
			sourceTree = "<group>";
		};
/* End PBXGroup section */

/* Begin PBXNativeTarget section */
		B8013C472C0847F0005B07A7 /* NewsApp */ = {
			isa = PBXNativeTarget;
			buildConfigurationList = B8013C5C2C0847F2005B07A7 /* Build configuration list for PBXNativeTarget "NewsApp" */;
			buildPhases = (
				B8013C442C0847F0005B07A7 /* Sources */,
				B8013C452C0847F0005B07A7 /* Frameworks */,
				B8013C462C0847F0005B07A7 /* Resources */,
			);
			buildRules = (
			);
			dependencies = (
			);
			name = NewsApp;
			productName = NewsApp;
			productReference = B8013C482C0847F0005B07A7 /* NewsApp.app */;
			productType = "com.apple.product-type.application";
		};
/* End PBXNativeTarget section */

/* Begin PBXProject section */
		B8013C402C0847F0005B07A7 /* Project object */ = {
			isa = PBXProject;
			attributes = {
				BuildIndependentTargetsInParallel = 1;
				LastSwiftUpdateCheck = 1530;
				LastUpgradeCheck = 1530;
				TargetAttributes = {
					B8013C472C0847F0005B07A7 = {
						CreatedOnToolsVersion = 15.3;
					};
				};
			};
			buildConfigurationList = B8013C432C0847F0005B07A7 /* Build configuration list for PBXProject "NewsApp" */;
			compatibilityVersion = "Xcode 14.0";
			developmentRegion = en;
			hasScannedForEncodings = 0;
			knownRegions = (
				en,
				Base,
			);
			mainGroup = B8013C3F2C0847F0005B07A7;
			productRefGroup = B8013C492C0847F0005B07A7 /* Products */;
			projectDirPath = "";
			projectRoot = "";
			targets = (
				B8013C472C0847F0005B07A7 /* NewsApp */,
			);
		};
/* End PBXProject section */

/* Begin PBXResourcesBuildPhase section */
		B8013C462C0847F0005B07A7 /* Resources */ = {
			isa = PBXResourcesBuildPhase;
			buildActionMask = 2147483647;
			files = (
				B8013C552C0847F2005B07A7 /* Assets.xcassets in Resources */,
				B8013C582C0847F2005B07A7 /* Base in Resources */,
			);
			runOnlyForDeploymentPostprocessing = 0;
		};
/* End PBXResourcesBuildPhase section */

/* Begin PBXSourcesBuildPhase section */
		B8013C442C0847F0005B07A7 /* Sources */ = {
			isa = PBXSourcesBuildPhase;
			buildActionMask = 2147483647;
			files = (
				B8013C4C2C0847F0005B07A7 /* AppDelegate.swift in Sources */,
				B8013C642C084BF2005B07A7 /* HomeVC.swift in Sources */,
				B8013C662C085211005B07A7 /* TabbarVC.swift in Sources */,
				B8013C622C084BE3005B07A7 /* RegisterVC.swift in Sources */,
				B8013C6C2C0852FF005B07A7 /* BasketVC.swift in Sources */,
				B8013C6A2C0852E8005B07A7 /* ProfileVC.swift in Sources */,
				B8013C4E2C0847F0005B07A7 /* SceneDelegate.swift in Sources */,
				B8013C602C084BD7005B07A7 /* LoginVC.swift in Sources */,
				B8013C682C0852DA005B07A7 /* SearchVC.swift in Sources */,
			);
			runOnlyForDeploymentPostprocessing = 0;
		};
/* End PBXSourcesBuildPhase section */

/* Begin PBXVariantGroup section */
		B8013C562C0847F2005B07A7 /* LaunchScreen.storyboard */ = {
			isa = PBXVariantGroup;
			children = (
				B8013C572C0847F2005B07A7 /* Base */,
			);
			name = LaunchScreen.storyboard;
			sourceTree = "<group>";
		};
/* End PBXVariantGroup section */

/* Begin XCBuildConfiguration section */
		B8013C5A2C0847F2005B07A7 /* Debug */ = {
			isa = XCBuildConfiguration;
			buildSettings = {
				ALWAYS_SEARCH_USER_PATHS = NO;
				ASSETCATALOG_COMPILER_GENERATE_SWIFT_ASSET_SYMBOL_EXTENSIONS = YES;
				CLANG_ANALYZER_NONNULL = YES;
				CLANG_ANALYZER_NUMBER_OBJECT_CONVERSION = YES_AGGRESSIVE;
				CLANG_CXX_LANGUAGE_STANDARD = "gnu++20";
				CLANG_ENABLE_MODULES = YES;
				CLANG_ENABLE_OBJC_ARC = YES;
				CLANG_ENABLE_OBJC_WEAK = YES;
				CLANG_WARN_BLOCK_CAPTURE_AUTORELEASING = YES;
				CLANG_WARN_BOOL_CONVERSION = YES;
				CLANG_WARN_COMMA = YES;
				CLANG_WARN_CONSTANT_CONVERSION = YES;
				CLANG_WARN_DEPRECATED_OBJC_IMPLEMENTATIONS = YES;
				CLANG_WARN_DIRECT_OBJC_ISA_USAGE = YES_ERROR;
				CLANG_WARN_DOCUMENTATION_COMMENTS = YES;
				CLANG_WARN_EMPTY_BODY = YES;
				CLANG_WARN_ENUM_CONVERSION = YES;
				CLANG_WARN_INFINITE_RECURSION = YES;
				CLANG_WARN_INT_CONVERSION = YES;
				CLANG_WARN_NON_LITERAL_NULL_CONVERSION = YES;
				CLANG_WARN_OBJC_IMPLICIT_RETAIN_SELF = YES;
				CLANG_WARN_OBJC_LITERAL_CONVERSION = YES;
				CLANG_WARN_OBJC_ROOT_CLASS = YES_ERROR;
				CLANG_WARN_QUOTED_INCLUDE_IN_FRAMEWORK_HEADER = YES;
				CLANG_WARN_RANGE_LOOP_ANALYSIS = YES;
				CLANG_WARN_STRICT_PROTOTYPES = YES;
				CLANG_WARN_SUSPICIOUS_MOVE = YES;
				CLANG_WARN_UNGUARDED_AVAILABILITY = YES_AGGRESSIVE;
				CLANG_WARN_UNREACHABLE_CODE = YES;
				CLANG_WARN__DUPLICATE_METHOD_MATCH = YES;
				COPY_PHASE_STRIP = NO;
				DEBUG_INFORMATION_FORMAT = dwarf;
				ENABLE_STRICT_OBJC_MSGSEND = YES;
				ENABLE_TESTABILITY = YES;
				ENABLE_USER_SCRIPT_SANDBOXING = YES;
				GCC_C_LANGUAGE_STANDARD = gnu17;
				GCC_DYNAMIC_NO_PIC = NO;
				GCC_NO_COMMON_BLOCKS = YES;
				GCC_OPTIMIZATION_LEVEL = 0;
				GCC_PREPROCESSOR_DEFINITIONS = (
					"DEBUG=1",
					"$(inherited)",
				);
				GCC_WARN_64_TO_32_BIT_CONVERSION = YES;
				GCC_WARN_ABOUT_RETURN_TYPE = YES_ERROR;
				GCC_WARN_UNDECLARED_SELECTOR = YES;
				GCC_WARN_UNINITIALIZED_AUTOS = YES_AGGRESSIVE;
				GCC_WARN_UNUSED_FUNCTION = YES;
				GCC_WARN_UNUSED_VARIABLE = YES;
				IPHONEOS_DEPLOYMENT_TARGET = 17.4;
				LOCALIZATION_PREFERS_STRING_CATALOGS = YES;
				MTL_ENABLE_DEBUG_INFO = INCLUDE_SOURCE;
				MTL_FAST_MATH = YES;
				ONLY_ACTIVE_ARCH = YES;
				SDKROOT = iphoneos;
				SWIFT_ACTIVE_COMPILATION_CONDITIONS = "DEBUG $(inherited)";
				SWIFT_OPTIMIZATION_LEVEL = "-Onone";
			};
			name = Debug;
		};
		B8013C5B2C0847F2005B07A7 /* Release */ = {
			isa = XCBuildConfiguration;
			buildSettings = {
				ALWAYS_SEARCH_USER_PATHS = NO;
				ASSETCATALOG_COMPILER_GENERATE_SWIFT_ASSET_SYMBOL_EXTENSIONS = YES;
				CLANG_ANALYZER_NONNULL = YES;
				CLANG_ANALYZER_NUMBER_OBJECT_CONVERSION = YES_AGGRESSIVE;
				CLANG_CXX_LANGUAGE_STANDARD = "gnu++20";
				CLANG_ENABLE_MODULES = YES;
				CLANG_ENABLE_OBJC_ARC = YES;
				CLANG_ENABLE_OBJC_WEAK = YES;
				CLANG_WARN_BLOCK_CAPTURE_AUTORELEASING = YES;
				CLANG_WARN_BOOL_CONVERSION = YES;
				CLANG_WARN_COMMA = YES;
				CLANG_WARN_CONSTANT_CONVERSION = YES;
				CLANG_WARN_DEPRECATED_OBJC_IMPLEMENTATIONS = YES;
				CLANG_WARN_DIRECT_OBJC_ISA_USAGE = YES_ERROR;
				CLANG_WARN_DOCUMENTATION_COMMENTS = YES;
				CLANG_WARN_EMPTY_BODY = YES;
				CLANG_WARN_ENUM_CONVERSION = YES;
				CLANG_WARN_INFINITE_RECURSION = YES;
				CLANG_WARN_INT_CONVERSION = YES;
				CLANG_WARN_NON_LITERAL_NULL_CONVERSION = YES;
				CLANG_WARN_OBJC_IMPLICIT_RETAIN_SELF = YES;
				CLANG_WARN_OBJC_LITERAL_CONVERSION = YES;
				CLANG_WARN_OBJC_ROOT_CLASS = YES_ERROR;
				CLANG_WARN_QUOTED_INCLUDE_IN_FRAMEWORK_HEADER = YES;
				CLANG_WARN_RANGE_LOOP_ANALYSIS = YES;
				CLANG_WARN_STRICT_PROTOTYPES = YES;
				CLANG_WARN_SUSPICIOUS_MOVE = YES;
				CLANG_WARN_UNGUARDED_AVAILABILITY = YES_AGGRESSIVE;
				CLANG_WARN_UNREACHABLE_CODE = YES;
				CLANG_WARN__DUPLICATE_METHOD_MATCH = YES;
				COPY_PHASE_STRIP = NO;
				DEBUG_INFORMATION_FORMAT = "dwarf-with-dsym";
				ENABLE_NS_ASSERTIONS = NO;
				ENABLE_STRICT_OBJC_MSGSEND = YES;
				ENABLE_USER_SCRIPT_SANDBOXING = YES;
				GCC_C_LANGUAGE_STANDARD = gnu17;
				GCC_NO_COMMON_BLOCKS = YES;
				GCC_WARN_64_TO_32_BIT_CONVERSION = YES;
				GCC_WARN_ABOUT_RETURN_TYPE = YES_ERROR;
				GCC_WARN_UNDECLARED_SELECTOR = YES;
				GCC_WARN_UNINITIALIZED_AUTOS = YES_AGGRESSIVE;
				GCC_WARN_UNUSED_FUNCTION = YES;
				GCC_WARN_UNUSED_VARIABLE = YES;
				IPHONEOS_DEPLOYMENT_TARGET = 17.4;
				LOCALIZATION_PREFERS_STRING_CATALOGS = YES;
				MTL_ENABLE_DEBUG_INFO = NO;
				MTL_FAST_MATH = YES;
				SDKROOT = iphoneos;
				SWIFT_COMPILATION_MODE = wholemodule;
				VALIDATE_PRODUCT = YES;
			};
			name = Release;
		};
		B8013C5D2C0847F2005B07A7 /* Debug */ = {
			isa = XCBuildConfiguration;
			buildSettings = {
				ASSETCATALOG_COMPILER_APPICON_NAME = AppIcon;
				ASSETCATALOG_COMPILER_GLOBAL_ACCENT_COLOR_NAME = AccentColor;
				CODE_SIGN_STYLE = Automatic;
				CURRENT_PROJECT_VERSION = 1;
				GENERATE_INFOPLIST_FILE = YES;
				INFOPLIST_FILE = NewsApp/Info.plist;
				INFOPLIST_KEY_UIApplicationSupportsIndirectInputEvents = YES;
				INFOPLIST_KEY_UILaunchStoryboardName = LaunchScreen;
				INFOPLIST_KEY_UISupportedInterfaceOrientations_iPad = "UIInterfaceOrientationPortrait UIInterfaceOrientationPortraitUpsideDown UIInterfaceOrientationLandscapeLeft UIInterfaceOrientationLandscapeRight";
				INFOPLIST_KEY_UISupportedInterfaceOrientations_iPhone = "UIInterfaceOrientationPortrait UIInterfaceOrientationLandscapeLeft UIInterfaceOrientationLandscapeRight";
				LD_RUNPATH_SEARCH_PATHS = (
					"$(inherited)",
					"@executable_path/Frameworks",
				);
				MARKETING_VERSION = 1.0;
				PRODUCT_BUNDLE_IDENTIFIER = az.seymur.NewsApp;
				PRODUCT_NAME = "$(TARGET_NAME)";
				SWIFT_EMIT_LOC_STRINGS = YES;
				SWIFT_VERSION = 5.0;
				TARGETED_DEVICE_FAMILY = "1,2";
			};
			name = Debug;
		};
		B8013C5E2C0847F2005B07A7 /* Release */ = {
			isa = XCBuildConfiguration;
			buildSettings = {
				ASSETCATALOG_COMPILER_APPICON_NAME = AppIcon;
				ASSETCATALOG_COMPILER_GLOBAL_ACCENT_COLOR_NAME = AccentColor;
				CODE_SIGN_STYLE = Automatic;
				CURRENT_PROJECT_VERSION = 1;
				GENERATE_INFOPLIST_FILE = YES;
				INFOPLIST_FILE = NewsApp/Info.plist;
				INFOPLIST_KEY_UIApplicationSupportsIndirectInputEvents = YES;
				INFOPLIST_KEY_UILaunchStoryboardName = LaunchScreen;
				INFOPLIST_KEY_UISupportedInterfaceOrientations_iPad = "UIInterfaceOrientationPortrait UIInterfaceOrientationPortraitUpsideDown UIInterfaceOrientationLandscapeLeft UIInterfaceOrientationLandscapeRight";
				INFOPLIST_KEY_UISupportedInterfaceOrientations_iPhone = "UIInterfaceOrientationPortrait UIInterfaceOrientationLandscapeLeft UIInterfaceOrientationLandscapeRight";
				LD_RUNPATH_SEARCH_PATHS = (
					"$(inherited)",
					"@executable_path/Frameworks",
				);
				MARKETING_VERSION = 1.0;
				PRODUCT_BUNDLE_IDENTIFIER = az.seymur.NewsApp;
				PRODUCT_NAME = "$(TARGET_NAME)";
				SWIFT_EMIT_LOC_STRINGS = YES;
				SWIFT_VERSION = 5.0;
				TARGETED_DEVICE_FAMILY = "1,2";
			};
			name = Release;
		};
/* End XCBuildConfiguration section */

/* Begin XCConfigurationList section */
		B8013C432C0847F0005B07A7 /* Build configuration list for PBXProject "NewsApp" */ = {
			isa = XCConfigurationList;
			buildConfigurations = (
				B8013C5A2C0847F2005B07A7 /* Debug */,
				B8013C5B2C0847F2005B07A7 /* Release */,
			);
			defaultConfigurationIsVisible = 0;
			defaultConfigurationName = Release;
		};
		B8013C5C2C0847F2005B07A7 /* Build configuration list for PBXNativeTarget "NewsApp" */ = {
			isa = XCConfigurationList;
			buildConfigurations = (
				B8013C5D2C0847F2005B07A7 /* Debug */,
				B8013C5E2C0847F2005B07A7 /* Release */,
			);
			defaultConfigurationIsVisible = 0;
			defaultConfigurationName = Release;
		};
/* End XCConfigurationList section */
	};
	rootObject = B8013C402C0847F0005B07A7 /* Project object */;
}
